
Microsoft Visual Studio Solution File, Format Version 12.00
# Visual Studio 15
VisualStudioVersion = 15.0.27130.2027
MinimumVisualStudioVersion = 10.0.40219.1
Project("{888888A0-9F3D-457C-B088-3A5042F75D52}") = "ndb", "ndb\ndb.pyproj", "{032DF654-1C08-4CB8-B5FB-07A7482367DA}"
EndProject
Global
	GlobalSection(SolutionConfigurationPlatforms) = preSolution
		Debug|Any CPU = Debug|Any CPU
		Release|Any CPU = Release|Any CPU
	EndGlobalSection
	GlobalSection(ProjectConfigurationPlatforms) = postSolution
		{032DF654-1C08-4CB8-B5FB-07A7482367DA}.Debug|Any CPU.ActiveCfg = Debug|Any CPU
		{032DF654-1C08-4CB8-B5FB-07A7482367DA}.Release|Any CPU.ActiveCfg = Release|Any CPU
	EndGlobalSection
	GlobalSection(SolutionProperties) = preSolution
		HideSolutionNode = FALSE
	EndGlobalSection
	GlobalSection(ExtensibilityGlobals) = postSolution
		SolutionGuid = {D9D6C435-C5C4-4A4B-A4BE-C9B34F5E152E}
	EndGlobalSection
EndGlobal
